
Microsoft Visual Studio Solution File, Format Version 12.00
Project("{FAE04EC0-301F-11D3-BF4B-00C04F79EFBC}") = "TaskManagerApiV2.Api", "TaskManagerApiV2.Api\TaskManagerApiV2.Api.csproj", "{301862CA-DD90-4401-83C7-F12D70703BDC}"
EndProject
Project("{2150E333-8FDC-42A3-9474-1A3956D46DE8}") = "src", "src", "{40A3A0F3-42E0-4AF0-BCB7-C04317AD4AC8}"
EndProject
Project("{2150E333-8FDC-42A3-9474-1A3956D46DE8}") = "Application", "Application", "{2A4F8B17-9613-4CB8-951C-21A27BC0C45D}"
EndProject
Project("{2150E333-8FDC-42A3-9474-1A3956D46DE8}") = "Core", "Core", "{BB84897E-5426-4861-A47B-6DD9A66C6D66}"
EndProject
Project("{2150E333-8FDC-42A3-9474-1A3956D46DE8}") = "Infrastructure", "Infrastructure", "{DDF0CB62-7766-4751-BA9E-250F8DA15214}"
EndProject
Project("{2150E333-8FDC-42A3-9474-1A3956D46DE8}") = "Presentation", "Presentation", "{6F87AD2E-BEC5-4347-BFCB-26270FCEE002}"
EndProject
Project("{FAE04EC0-301F-11D3-BF4B-00C04F79EFBC}") = "TaskManagerApiV2.Persistence", "TaskManagerApiV2.Persistence\TaskManagerApiV2.Persistence.csproj", "{F7B1A793-C78B-4046-8484-9C26D52BC129}"
EndProject
Project("{FAE04EC0-301F-11D3-BF4B-00C04F79EFBC}") = "TaskManagerApiV2.Domain", "TaskManagerApiV2.Domain\TaskManagerApiV2.Domain.csproj", "{C0A83ACD-0F8D-4601-AE3F-F0926895A996}"
EndProject
Project("{FAE04EC0-301F-11D3-BF4B-00C04F79EFBC}") = "TaskManagerApiV2.Application", "TaskManagerApiV2.Application\TaskManagerApiV2.Application.csproj", "{96A38054-B3F7-4991-B12C-E67AB9F191F2}"
EndProject
Project("{2150E333-8FDC-42A3-9474-1A3956D46DE8}") = "Tests", "Tests", "{ADD7307D-4F03-48AB-973E-5847972E6CB1}"
EndProject
Project("{FAE04EC0-301F-11D3-BF4B-00C04F79EFBC}") = "TaskManagerApiV2.Tests", "TaskManagerApiV2.Tests\TaskManagerApiV2.Tests.csproj", "{613EBB97-F031-4A2B-8291-A598F6315C3E}"
EndProject
Global
	GlobalSection(SolutionConfigurationPlatforms) = preSolution
		Debug|Any CPU = Debug|Any CPU
		Release|Any CPU = Release|Any CPU
	EndGlobalSection
	GlobalSection(ProjectConfigurationPlatforms) = postSolution
		{301862CA-DD90-4401-83C7-F12D70703BDC}.Debug|Any CPU.ActiveCfg = Debug|Any CPU
		{301862CA-DD90-4401-83C7-F12D70703BDC}.Debug|Any CPU.Build.0 = Debug|Any CPU
		{301862CA-DD90-4401-83C7-F12D70703BDC}.Release|Any CPU.ActiveCfg = Release|Any CPU
		{301862CA-DD90-4401-83C7-F12D70703BDC}.Release|Any CPU.Build.0 = Release|Any CPU
		{F7B1A793-C78B-4046-8484-9C26D52BC129}.Debug|Any CPU.ActiveCfg = Debug|Any CPU
		{F7B1A793-C78B-4046-8484-9C26D52BC129}.Debug|Any CPU.Build.0 = Debug|Any CPU
		{F7B1A793-C78B-4046-8484-9C26D52BC129}.Release|Any CPU.ActiveCfg = Release|Any CPU
		{F7B1A793-C78B-4046-8484-9C26D52BC129}.Release|Any CPU.Build.0 = Release|Any CPU
		{C0A83ACD-0F8D-4601-AE3F-F0926895A996}.Debug|Any CPU.ActiveCfg = Debug|Any CPU
		{C0A83ACD-0F8D-4601-AE3F-F0926895A996}.Debug|Any CPU.Build.0 = Debug|Any CPU
		{C0A83ACD-0F8D-4601-AE3F-F0926895A996}.Release|Any CPU.ActiveCfg = Release|Any CPU
		{C0A83ACD-0F8D-4601-AE3F-F0926895A996}.Release|Any CPU.Build.0 = Release|Any CPU
		{96A38054-B3F7-4991-B12C-E67AB9F191F2}.Debug|Any CPU.ActiveCfg = Debug|Any CPU
		{96A38054-B3F7-4991-B12C-E67AB9F191F2}.Debug|Any CPU.Build.0 = Debug|Any CPU
		{96A38054-B3F7-4991-B12C-E67AB9F191F2}.Release|Any CPU.ActiveCfg = Release|Any CPU
		{96A38054-B3F7-4991-B12C-E67AB9F191F2}.Release|Any CPU.Build.0 = Release|Any CPU
		{613EBB97-F031-4A2B-8291-A598F6315C3E}.Debug|Any CPU.ActiveCfg = Debug|Any CPU
		{613EBB97-F031-4A2B-8291-A598F6315C3E}.Debug|Any CPU.Build.0 = Debug|Any CPU
		{613EBB97-F031-4A2B-8291-A598F6315C3E}.Release|Any CPU.ActiveCfg = Release|Any CPU
		{613EBB97-F031-4A2B-8291-A598F6315C3E}.Release|Any CPU.Build.0 = Release|Any CPU
	EndGlobalSection
	GlobalSection(NestedProjects) = preSolution
		{2A4F8B17-9613-4CB8-951C-21A27BC0C45D} = {40A3A0F3-42E0-4AF0-BCB7-C04317AD4AC8}
		{BB84897E-5426-4861-A47B-6DD9A66C6D66} = {40A3A0F3-42E0-4AF0-BCB7-C04317AD4AC8}
		{DDF0CB62-7766-4751-BA9E-250F8DA15214} = {40A3A0F3-42E0-4AF0-BCB7-C04317AD4AC8}
		{6F87AD2E-BEC5-4347-BFCB-26270FCEE002} = {40A3A0F3-42E0-4AF0-BCB7-C04317AD4AC8}
		{301862CA-DD90-4401-83C7-F12D70703BDC} = {6F87AD2E-BEC5-4347-BFCB-26270FCEE002}
		{F7B1A793-C78B-4046-8484-9C26D52BC129} = {DDF0CB62-7766-4751-BA9E-250F8DA15214}
		{C0A83ACD-0F8D-4601-AE3F-F0926895A996} = {BB84897E-5426-4861-A47B-6DD9A66C6D66}
		{96A38054-B3F7-4991-B12C-E67AB9F191F2} = {2A4F8B17-9613-4CB8-951C-21A27BC0C45D}
		{ADD7307D-4F03-48AB-973E-5847972E6CB1} = {40A3A0F3-42E0-4AF0-BCB7-C04317AD4AC8}
		{613EBB97-F031-4A2B-8291-A598F6315C3E} = {ADD7307D-4F03-48AB-973E-5847972E6CB1}
	EndGlobalSection
EndGlobal
